{
  "name": "namify",
  "version": "1.0.0",
  "lockfileVersion": 2,
  "requires": true,
  "packages": {
    "": {
      "version": "1.0.0",
      "license": "ISC",
      "dependencies": {
        "jaro-winkler": "^0.2.8"
      }
    },
    "node_modules/jaro-winkler": {
      "version": "0.2.8",
      "resolved": "https://registry.npmjs.org/jaro-winkler/-/jaro-winkler-0.2.8.tgz",
      "integrity": "sha1-Zyfg0LcJHiQ2+TVt6b+I+tI+U0o="
    }
  },
  "dependencies": {
    "jaro-winkler": {
      "version": "0.2.8",
      "resolved": "https://registry.npmjs.org/jaro-winkler/-/jaro-winkler-0.2.8.tgz",
      "integrity": "sha1-Zyfg0LcJHiQ2+TVt6b+I+tI+U0o="
    }
  }
}
